github.com/corymurphy/adventofcode/shared v0.0.0-20241215120818-63c3a827d714 h1:clwOEFxHF0cG12duqMdUKF0sBaraBzXMVCamXbETsk8=
github.com/corymurphy/adventofcode/shared v0.0.0-20241215120818-63c3a827d714/go.mod h1:Mpktb3JS+zuqln5bPeQibqHtMagYlR6GFFNXsh5NsDQ=
github.com/google/uuid v1.6.0 h1:NIvaJDMOsjHA8n1jAhLSgzrAzy1Hgr+hNrb57e+94F0=
github.com/google/uuid v1.6.0/go.mod h1:TIyPZe4MgqvfeYDBFedMoGGpEw/LqOeaOT+nhxU+yHo=
