github.com/corymurphy/adventofcode/shared v0.0.0-20221205151907-b08721f43204 h1:LDvJbg0dnw9E7SQmb/UCLyX78bIdwJ80EKgdnCRd6YA=
github.com/corymurphy/adventofcode/shared v0.0.0-20221205151907-b08721f43204/go.mod h1:Mpktb3JS+zuqln5bPeQibqHtMagYlR6GFFNXsh5NsDQ=
github.com/corymurphy/adventofcode/shared v0.0.0-20221205152203-e58e4661faf0 h1:NXcgpfnty/RfX/FuOuQQKv/+kzQGayAc25PDbuATxLc=
github.com/corymurphy/adventofcode/shared v0.0.0-20221205152203-e58e4661faf0/go.mod h1:Mpktb3JS+zuqln5bPeQibqHtMagYlR6GFFNXsh5NsDQ=
github.com/corymurphy/adventofcode/shared v0.0.0-20221207194751-28d2067a0089 h1:iiiL3V0Q110nScWKwQO2pUcUUkJhXvoWLm6szPJK0MI=
github.com/corymurphy/adventofcode/shared v0.0.0-20221207194751-28d2067a0089/go.mod h1:Mpktb3JS+zuqln5bPeQibqHtMagYlR6GFFNXsh5NsDQ=
