github.com/corymurphy/adventofcode/shared v0.0.0-20221202024543-e0ec027ab255 h1:HXFr5P1R8OLi+ux8mQGazr/k/pTo79sxlsXUYfvtRKk=
github.com/corymurphy/adventofcode/shared v0.0.0-20221202024543-e0ec027ab255/go.mod h1:Mpktb3JS+zuqln5bPeQibqHtMagYlR6GFFNXsh5NsDQ=
github.com/corymurphy/adventofcode/shared v0.0.0-20221205152203-e58e4661faf0 h1:NXcgpfnty/RfX/FuOuQQKv/+kzQGayAc25PDbuATxLc=
github.com/corymurphy/adventofcode/shared v0.0.0-20221205152203-e58e4661faf0/go.mod h1:Mpktb3JS+zuqln5bPeQibqHtMagYlR6GFFNXsh5NsDQ=
