github.com/corymurphy/adventofcode/shared v0.0.0-20221204201918-e793d964e136 h1:UOhqYC4M+t0S7bw9IyPr6MNJ9W0huPiTA5SsKTKge0U=
github.com/corymurphy/adventofcode/shared v0.0.0-20221204201918-e793d964e136/go.mod h1:Mpktb3JS+zuqln5bPeQibqHtMagYlR6GFFNXsh5NsDQ=
github.com/corymurphy/adventofcode/shared v0.0.0-20221205120322-d9f28ca905c9 h1:HBpNyjoW6wbnQqwOdVjja9+k1VFEGmdoktSdYaF+0BY=
github.com/corymurphy/adventofcode/shared v0.0.0-20221205120322-d9f28ca905c9/go.mod h1:Mpktb3JS+zuqln5bPeQibqHtMagYlR6GFFNXsh5NsDQ=
